
Microsoft Visual Studio Solution File, Format Version 12.00
# Visual Studio 15
VisualStudioVersion = 15.0.28010.2003
MinimumVisualStudioVersion = 10.0.40219.1
Project("{FAE04EC0-301F-11D3-BF4B-00C04F79EFBC}") = "nLove_inclass05", "nLove_inclass05\nLove_inclass05.csproj", "{497B6D8A-44C0-495C-8F02-09067AE93FF5}"
EndProject
Global
	GlobalSection(SolutionConfigurationPlatforms) = preSolution
		Debug|Any CPU = Debug|Any CPU
		Release|Any CPU = Release|Any CPU
	EndGlobalSection
	GlobalSection(ProjectConfigurationPlatforms) = postSolution
		{497B6D8A-44C0-495C-8F02-09067AE93FF5}.Debug|Any CPU.ActiveCfg = Debug|Any CPU
		{497B6D8A-44C0-495C-8F02-09067AE93FF5}.Debug|Any CPU.Build.0 = Debug|Any CPU
		{497B6D8A-44C0-495C-8F02-09067AE93FF5}.Release|Any CPU.ActiveCfg = Release|Any CPU
		{497B6D8A-44C0-495C-8F02-09067AE93FF5}.Release|Any CPU.Build.0 = Release|Any CPU
	EndGlobalSection
	GlobalSection(SolutionProperties) = preSolution
		HideSolutionNode = FALSE
	EndGlobalSection
	GlobalSection(ExtensibilityGlobals) = postSolution
		SolutionGuid = {F1251C30-F983-44B5-91B5-3AAD2E38E798}
	EndGlobalSection
EndGlobal
